// !$*UTF8*$!
{
	archiveVersion = 1;
	classes = {
	};
	objectVersion = 77;
	objects = {

/* Begin PBXBuildFile section */
		27F6812E2D3C6E0C00433FEB /* Progress in Frameworks */ = {isa = PBXBuildFile; productRef = 27F6812D2D3C6E0C00433FEB /* Progress */; };
		27F6816B2D403C7E00433FEB /* ArgumentParser in Frameworks */ = {isa = PBXBuildFile; productRef = 27F6816A2D403C7E00433FEB /* ArgumentParser */; };
/* End PBXBuildFile section */

/* Begin PBXContainerItemProxy section */
		277929A02D286CB10007C602 /* PBXContainerItemProxy */ = {
			isa = PBXContainerItemProxy;
			containerPortal = 277929812D286CB00007C602 /* Project object */;
			proxyType = 1;
			remoteGlobalIDString = 277929882D286CB00007C602;
			remoteInfo = BlueX;
		};
		277929AA2D286CB10007C602 /* PBXContainerItemProxy */ = {
			isa = PBXContainerItemProxy;
			containerPortal = 277929812D286CB00007C602 /* Project object */;
			proxyType = 1;
			remoteGlobalIDString = 277929882D286CB00007C602;
			remoteInfo = BlueX;
		};
/* End PBXContainerItemProxy section */

/* Begin PBXCopyFilesBuildPhase section */
		27F6810F2D3C539800433FEB /* CopyFiles */ = {
			isa = PBXCopyFilesBuildPhase;
			buildActionMask = 2147483647;
			dstPath = /usr/share/man/man1/;
			dstSubfolderSpec = 0;
			files = (
			);
			runOnlyForDeploymentPostprocessing = 1;
		};
/* End PBXCopyFilesBuildPhase section */

/* Begin PBXFileReference section */
		272D89102D2D4E4300724733 /* BlueX.xctestplan */ = {isa = PBXFileReference; lastKnownFileType = text; path = BlueX.xctestplan; sourceTree = "<group>"; };
		277929892D286CB00007C602 /* BlueX.app */ = {isa = PBXFileReference; explicitFileType = wrapper.application; includeInIndex = 0; path = BlueX.app; sourceTree = BUILT_PRODUCTS_DIR; };
		2779299F2D286CB10007C602 /* BlueXTests.xctest */ = {isa = PBXFileReference; explicitFileType = wrapper.cfbundle; includeInIndex = 0; path = BlueXTests.xctest; sourceTree = BUILT_PRODUCTS_DIR; };
		277929A92D286CB10007C602 /* BlueXUITests.xctest */ = {isa = PBXFileReference; explicitFileType = wrapper.cfbundle; includeInIndex = 0; path = BlueXUITests.xctest; sourceTree = BUILT_PRODUCTS_DIR; };
		27F681112D3C539800433FEB /* Scraper */ = {isa = PBXFileReference; explicitFileType = "compiled.mach-o.executable"; includeInIndex = 0; path = Scraper; sourceTree = BUILT_PRODUCTS_DIR; };
/* End PBXFileReference section */

/* Begin PBXFileSystemSynchronizedBuildFileExceptionSet section */
		27F681382D3C77D400433FEB /* Exceptions for "BlueX" folder in "Scraper" target */ = {
			isa = PBXFileSystemSynchronizedBuildFileExceptionSet;
			membershipExceptions = (
				Core/Credentials.swift,
				Crawler/BlueSkyFunctions.swift,
			);
			target = 27F681102D3C539800433FEB /* Scraper */;
		};
		27F681532D3DBA8B00433FEB /* Exceptions for "Scraper" folder in "BlueX" target */ = {
			isa = PBXFileSystemSynchronizedBuildFileExceptionSet;
			membershipExceptions = (
				Core/PersistenceCli.swift,
			);
			target = 277929882D286CB00007C602 /* BlueX */;
		};
/* End PBXFileSystemSynchronizedBuildFileExceptionSet section */

/* Begin PBXFileSystemSynchronizedRootGroup section */
		2779298B2D286CB00007C602 /* BlueX */ = {
			isa = PBXFileSystemSynchronizedRootGroup;
			exceptions = (
				27F681382D3C77D400433FEB /* Exceptions for "BlueX" folder in "Scraper" target */,
			);
			path = BlueX;
			sourceTree = "<group>";
		};
		277929A22D286CB10007C602 /* BlueXTests */ = {
			isa = PBXFileSystemSynchronizedRootGroup;
			path = BlueXTests;
			sourceTree = "<group>";
		};
		277929AC2D286CB10007C602 /* BlueXUITests */ = {
			isa = PBXFileSystemSynchronizedRootGroup;
			path = BlueXUITests;
			sourceTree = "<group>";
		};
		27F681122D3C539800433FEB /* Scraper */ = {
			isa = PBXFileSystemSynchronizedRootGroup;
			exceptions = (
				27F681532D3DBA8B00433FEB /* Exceptions for "Scraper" folder in "BlueX" target */,
			);
			path = Scraper;
			sourceTree = "<group>";
		};
		27F681212D3C60C600433FEB /* Shared */ = {
			isa = PBXFileSystemSynchronizedRootGroup;
			path = Shared;
			sourceTree = "<group>";
		};
/* End PBXFileSystemSynchronizedRootGroup section */

/* Begin PBXFrameworksBuildPhase section */
		277929862D286CB00007C602 /* Frameworks */ = {
			isa = PBXFrameworksBuildPhase;
			buildActionMask = 2147483647;
			files = (
			);
			runOnlyForDeploymentPostprocessing = 0;
		};
		2779299C2D286CB10007C602 /* Frameworks */ = {
			isa = PBXFrameworksBuildPhase;
			buildActionMask = 2147483647;
			files = (
			);
			runOnlyForDeploymentPostprocessing = 0;
		};
		277929A62D286CB10007C602 /* Frameworks */ = {
			isa = PBXFrameworksBuildPhase;
			buildActionMask = 2147483647;
			files = (
			);
			runOnlyForDeploymentPostprocessing = 0;
		};
		27F6810E2D3C539800433FEB /* Frameworks */ = {
			isa = PBXFrameworksBuildPhase;
			buildActionMask = 2147483647;
			files = (
				27F6816B2D403C7E00433FEB /* ArgumentParser in Frameworks */,
				27F6812E2D3C6E0C00433FEB /* Progress in Frameworks */,
			);
			runOnlyForDeploymentPostprocessing = 0;
		};
/* End PBXFrameworksBuildPhase section */

/* Begin PBXGroup section */
		277929802D286CB00007C602 = {
			isa = PBXGroup;
			children = (
				27F681212D3C60C600433FEB /* Shared */,
				272D89102D2D4E4300724733 /* BlueX.xctestplan */,
				2779298B2D286CB00007C602 /* BlueX */,
				277929A22D286CB10007C602 /* BlueXTests */,
				277929AC2D286CB10007C602 /* BlueXUITests */,
				27F681122D3C539800433FEB /* Scraper */,
				27F6812C2D3C6E0C00433FEB /* Frameworks */,
				2779298A2D286CB00007C602 /* Products */,
			);
			sourceTree = "<group>";
		};
		2779298A2D286CB00007C602 /* Products */ = {
			isa = PBXGroup;
			children = (
				277929892D286CB00007C602 /* BlueX.app */,
				2779299F2D286CB10007C602 /* BlueXTests.xctest */,
				277929A92D286CB10007C602 /* BlueXUITests.xctest */,
				27F681112D3C539800433FEB /* Scraper */,
			);
			name = Products;
			sourceTree = "<group>";
		};
		27F6812C2D3C6E0C00433FEB /* Frameworks */ = {
			isa = PBXGroup;
			children = (
			);
			name = Frameworks;
			sourceTree = "<group>";
		};
/* End PBXGroup section */

/* Begin PBXNativeTarget section */
		277929882D286CB00007C602 /* BlueX */ = {
			isa = PBXNativeTarget;
			buildConfigurationList = 277929B32D286CB10007C602 /* Build configuration list for PBXNativeTarget "BlueX" */;
			buildPhases = (
				277929852D286CB00007C602 /* Sources */,
				277929862D286CB00007C602 /* Frameworks */,
				277929872D286CB00007C602 /* Resources */,
			);
			buildRules = (
			);
			dependencies = (
			);
			fileSystemSynchronizedGroups = (
				2779298B2D286CB00007C602 /* BlueX */,
				27F681212D3C60C600433FEB /* Shared */,
			);
			name = BlueX;
			packageProductDependencies = (
			);
			productName = BlueX;
			productReference = 277929892D286CB00007C602 /* BlueX.app */;
			productType = "com.apple.product-type.application";
		};
		2779299E2D286CB10007C602 /* BlueXTests */ = {
			isa = PBXNativeTarget;
			buildConfigurationList = 277929B62D286CB10007C602 /* Build configuration list for PBXNativeTarget "BlueXTests" */;
			buildPhases = (
				2779299B2D286CB10007C602 /* Sources */,
				2779299C2D286CB10007C602 /* Frameworks */,
				2779299D2D286CB10007C602 /* Resources */,
			);
			buildRules = (
			);
			dependencies = (
				277929A12D286CB10007C602 /* PBXTargetDependency */,
			);
			fileSystemSynchronizedGroups = (
				277929A22D286CB10007C602 /* BlueXTests */,
			);
			name = BlueXTests;
			packageProductDependencies = (
			);
			productName = BlueXTests;
			productReference = 2779299F2D286CB10007C602 /* BlueXTests.xctest */;
			productType = "com.apple.product-type.bundle.unit-test";
		};
		277929A82D286CB10007C602 /* BlueXUITests */ = {
			isa = PBXNativeTarget;
			buildConfigurationList = 277929B92D286CB10007C602 /* Build configuration list for PBXNativeTarget "BlueXUITests" */;
			buildPhases = (
				277929A52D286CB10007C602 /* Sources */,
				277929A62D286CB10007C602 /* Frameworks */,
				277929A72D286CB10007C602 /* Resources */,
			);
			buildRules = (
			);
			dependencies = (
				277929AB2D286CB10007C602 /* PBXTargetDependency */,
			);
			fileSystemSynchronizedGroups = (
				277929AC2D286CB10007C602 /* BlueXUITests */,
			);
			name = BlueXUITests;
			packageProductDependencies = (
			);
			productName = BlueXUITests;
			productReference = 277929A92D286CB10007C602 /* BlueXUITests.xctest */;
			productType = "com.apple.product-type.bundle.ui-testing";
		};
		27F681102D3C539800433FEB /* Scraper */ = {
			isa = PBXNativeTarget;
			buildConfigurationList = 27F681172D3C539800433FEB /* Build configuration list for PBXNativeTarget "Scraper" */;
			buildPhases = (
				27F6810D2D3C539800433FEB /* Sources */,
				27F6810E2D3C539800433FEB /* Frameworks */,
				27F6810F2D3C539800433FEB /* CopyFiles */,
			);
			buildRules = (
			);
			dependencies = (
			);
			fileSystemSynchronizedGroups = (
				27F681122D3C539800433FEB /* Scraper */,
				27F681212D3C60C600433FEB /* Shared */,
			);
			name = Scraper;
			packageProductDependencies = (
				27F6812D2D3C6E0C00433FEB /* Progress */,
				27F6816A2D403C7E00433FEB /* ArgumentParser */,
			);
			productName = Scraper;
			productReference = 27F681112D3C539800433FEB /* Scraper */;
			productType = "com.apple.product-type.tool";
		};
/* End PBXNativeTarget section */

/* Begin PBXProject section */
		277929812D286CB00007C602 /* Project object */ = {
			isa = PBXProject;
			attributes = {
				BuildIndependentTargetsInParallel = 1;
				LastSwiftUpdateCheck = 1620;
				LastUpgradeCheck = 1620;
				TargetAttributes = {
					277929882D286CB00007C602 = {
						CreatedOnToolsVersion = 16.2;
					};
					2779299E2D286CB10007C602 = {
						CreatedOnToolsVersion = 16.2;
						TestTargetID = 277929882D286CB00007C602;
					};
					277929A82D286CB10007C602 = {
						CreatedOnToolsVersion = 16.2;
						TestTargetID = 277929882D286CB00007C602;
					};
					27F681102D3C539800433FEB = {
						CreatedOnToolsVersion = 16.2;
					};
				};
			};
			buildConfigurationList = 277929842D286CB00007C602 /* Build configuration list for PBXProject "BlueX" */;
			developmentRegion = en;
			hasScannedForEncodings = 0;
			knownRegions = (
				en,
				Base,
			);
			mainGroup = 277929802D286CB00007C602;
			minimizedProjectReferenceProxies = 1;
			packageReferences = (
				273420BD2D36CB3F002AC324 /* XCRemoteSwiftPackageReference "Progress" */,
				27F681692D403C6100433FEB /* XCRemoteSwiftPackageReference "swift-argument-parser" */,
			);
			preferredProjectObjectVersion = 77;
			productRefGroup = 2779298A2D286CB00007C602 /* Products */;
			projectDirPath = "";
			projectRoot = "";
			targets = (
				277929882D286CB00007C602 /* BlueX */,
				2779299E2D286CB10007C602 /* BlueXTests */,
				277929A82D286CB10007C602 /* BlueXUITests */,
				27F681102D3C539800433FEB /* Scraper */,
			);
		};
/* End PBXProject section */

/* Begin PBXResourcesBuildPhase section */
		277929872D286CB00007C602 /* Resources */ = {
			isa = PBXResourcesBuildPhase;
			buildActionMask = 2147483647;
			files = (
			);
			runOnlyForDeploymentPostprocessing = 0;
		};
		2779299D2D286CB10007C602 /* Resources */ = {
			isa = PBXResourcesBuildPhase;
			buildActionMask = 2147483647;
			files = (
			);
			runOnlyForDeploymentPostprocessing = 0;
		};
		277929A72D286CB10007C602 /* Resources */ = {
			isa = PBXResourcesBuildPhase;
			buildActionMask = 2147483647;
			files = (
			);
			runOnlyForDeploymentPostprocessing = 0;
		};
/* End PBXResourcesBuildPhase section */

/* Begin PBXSourcesBuildPhase section */
		277929852D286CB00007C602 /* Sources */ = {
			isa = PBXSourcesBuildPhase;
			buildActionMask = 2147483647;
			files = (
			);
			runOnlyForDeploymentPostprocessing = 0;
		};
		2779299B2D286CB10007C602 /* Sources */ = {
			isa = PBXSourcesBuildPhase;
			buildActionMask = 2147483647;
			files = (
			);
			runOnlyForDeploymentPostprocessing = 0;
		};
		277929A52D286CB10007C602 /* Sources */ = {
			isa = PBXSourcesBuildPhase;
			buildActionMask = 2147483647;
			files = (
			);
			runOnlyForDeploymentPostprocessing = 0;
		};
		27F6810D2D3C539800433FEB /* Sources */ = {
			isa = PBXSourcesBuildPhase;
			buildActionMask = 2147483647;
			files = (
			);
			runOnlyForDeploymentPostprocessing = 0;
		};
/* End PBXSourcesBuildPhase section */

/* Begin PBXTargetDependency section */
		277929A12D286CB10007C602 /* PBXTargetDependency */ = {
			isa = PBXTargetDependency;
			target = 277929882D286CB00007C602 /* BlueX */;
			targetProxy = 277929A02D286CB10007C602 /* PBXContainerItemProxy */;
		};
		277929AB2D286CB10007C602 /* PBXTargetDependency */ = {
			isa = PBXTargetDependency;
			target = 277929882D286CB00007C602 /* BlueX */;
			targetProxy = 277929AA2D286CB10007C602 /* PBXContainerItemProxy */;
		};
/* End PBXTargetDependency section */

/* Begin XCBuildConfiguration section */
		277929B12D286CB10007C602 /* Debug */ = {
			isa = XCBuildConfiguration;
			buildSettings = {
				ALWAYS_SEARCH_USER_PATHS = NO;
				ASSETCATALOG_COMPILER_GENERATE_SWIFT_ASSET_SYMBOL_EXTENSIONS = YES;
				CLANG_ANALYZER_NONNULL = YES;
				CLANG_ANALYZER_NUMBER_OBJECT_CONVERSION = YES_AGGRESSIVE;
				CLANG_CXX_LANGUAGE_STANDARD = "gnu++20";
				CLANG_ENABLE_MODULES = YES;
				CLANG_ENABLE_OBJC_ARC = YES;
				CLANG_ENABLE_OBJC_WEAK = YES;
				CLANG_WARN_BLOCK_CAPTURE_AUTORELEASING = YES;
				CLANG_WARN_BOOL_CONVERSION = YES;
				CLANG_WARN_COMMA = YES;
				CLANG_WARN_CONSTANT_CONVERSION = YES;
				CLANG_WARN_DEPRECATED_OBJC_IMPLEMENTATIONS = YES;
				CLANG_WARN_DIRECT_OBJC_ISA_USAGE = YES_ERROR;
				CLANG_WARN_DOCUMENTATION_COMMENTS = YES;
				CLANG_WARN_EMPTY_BODY = YES;
				CLANG_WARN_ENUM_CONVERSION = YES;
				CLANG_WARN_INFINITE_RECURSION = YES;
				CLANG_WARN_INT_CONVERSION = YES;
				CLANG_WARN_NON_LITERAL_NULL_CONVERSION = YES;
				CLANG_WARN_OBJC_IMPLICIT_RETAIN_SELF = YES;
				CLANG_WARN_OBJC_LITERAL_CONVERSION = YES;
				CLANG_WARN_OBJC_ROOT_CLASS = YES_ERROR;
				CLANG_WARN_QUOTED_INCLUDE_IN_FRAMEWORK_HEADER = YES;
				CLANG_WARN_RANGE_LOOP_ANALYSIS = YES;
				CLANG_WARN_STRICT_PROTOTYPES = YES;
				CLANG_WARN_SUSPICIOUS_MOVE = YES;
				CLANG_WARN_UNGUARDED_AVAILABILITY = YES_AGGRESSIVE;
				CLANG_WARN_UNREACHABLE_CODE = YES;
				CLANG_WARN__DUPLICATE_METHOD_MATCH = YES;
				COPY_PHASE_STRIP = NO;
				DEBUG_INFORMATION_FORMAT = dwarf;
				ENABLE_STRICT_OBJC_MSGSEND = YES;
				ENABLE_TESTABILITY = YES;
				ENABLE_USER_SCRIPT_SANDBOXING = YES;
				GCC_C_LANGUAGE_STANDARD = gnu17;
				GCC_DYNAMIC_NO_PIC = NO;
				GCC_NO_COMMON_BLOCKS = YES;
				GCC_OPTIMIZATION_LEVEL = 0;
				GCC_PREPROCESSOR_DEFINITIONS = (
					"DEBUG=1",
					"$(inherited)",
				);
				GCC_WARN_64_TO_32_BIT_CONVERSION = YES;
				GCC_WARN_ABOUT_RETURN_TYPE = YES_ERROR;
				GCC_WARN_UNDECLARED_SELECTOR = YES;
				GCC_WARN_UNINITIALIZED_AUTOS = YES_AGGRESSIVE;
				GCC_WARN_UNUSED_FUNCTION = YES;
				GCC_WARN_UNUSED_VARIABLE = YES;
				LOCALIZATION_PREFERS_STRING_CATALOGS = YES;
				MACOSX_DEPLOYMENT_TARGET = 15.2;
				MTL_ENABLE_DEBUG_INFO = INCLUDE_SOURCE;
				MTL_FAST_MATH = YES;
				ONLY_ACTIVE_ARCH = YES;
				SDKROOT = macosx;
				SWIFT_ACTIVE_COMPILATION_CONDITIONS = "DEBUG $(inherited)";
				SWIFT_OPTIMIZATION_LEVEL = "-Onone";
			};
			name = Debug;
		};
		277929B22D286CB10007C602 /* Release */ = {
			isa = XCBuildConfiguration;
			buildSettings = {
				ALWAYS_SEARCH_USER_PATHS = NO;
				ASSETCATALOG_COMPILER_GENERATE_SWIFT_ASSET_SYMBOL_EXTENSIONS = YES;
				CLANG_ANALYZER_NONNULL = YES;
				CLANG_ANALYZER_NUMBER_OBJECT_CONVERSION = YES_AGGRESSIVE;
				CLANG_CXX_LANGUAGE_STANDARD = "gnu++20";
				CLANG_ENABLE_MODULES = YES;
				CLANG_ENABLE_OBJC_ARC = YES;
				CLANG_ENABLE_OBJC_WEAK = YES;
				CLANG_WARN_BLOCK_CAPTURE_AUTORELEASING = YES;
				CLANG_WARN_BOOL_CONVERSION = YES;
				CLANG_WARN_COMMA = YES;
				CLANG_WARN_CONSTANT_CONVERSION = YES;
				CLANG_WARN_DEPRECATED_OBJC_IMPLEMENTATIONS = YES;
				CLANG_WARN_DIRECT_OBJC_ISA_USAGE = YES_ERROR;
				CLANG_WARN_DOCUMENTATION_COMMENTS = YES;
				CLANG_WARN_EMPTY_BODY = YES;
				CLANG_WARN_ENUM_CONVERSION = YES;
				CLANG_WARN_INFINITE_RECURSION = YES;
				CLANG_WARN_INT_CONVERSION = YES;
				CLANG_WARN_NON_LITERAL_NULL_CONVERSION = YES;
				CLANG_WARN_OBJC_IMPLICIT_RETAIN_SELF = YES;
				CLANG_WARN_OBJC_LITERAL_CONVERSION = YES;
				CLANG_WARN_OBJC_ROOT_CLASS = YES_ERROR;
				CLANG_WARN_QUOTED_INCLUDE_IN_FRAMEWORK_HEADER = YES;
				CLANG_WARN_RANGE_LOOP_ANALYSIS = YES;
				CLANG_WARN_STRICT_PROTOTYPES = YES;
				CLANG_WARN_SUSPICIOUS_MOVE = YES;
				CLANG_WARN_UNGUARDED_AVAILABILITY = YES_AGGRESSIVE;
				CLANG_WARN_UNREACHABLE_CODE = YES;
				CLANG_WARN__DUPLICATE_METHOD_MATCH = YES;
				COPY_PHASE_STRIP = NO;
				DEBUG_INFORMATION_FORMAT = "dwarf-with-dsym";
				ENABLE_NS_ASSERTIONS = NO;
				ENABLE_STRICT_OBJC_MSGSEND = YES;
				ENABLE_USER_SCRIPT_SANDBOXING = YES;
				GCC_C_LANGUAGE_STANDARD = gnu17;
				GCC_NO_COMMON_BLOCKS = YES;
				GCC_WARN_64_TO_32_BIT_CONVERSION = YES;
				GCC_WARN_ABOUT_RETURN_TYPE = YES_ERROR;
				GCC_WARN_UNDECLARED_SELECTOR = YES;
				GCC_WARN_UNINITIALIZED_AUTOS = YES_AGGRESSIVE;
				GCC_WARN_UNUSED_FUNCTION = YES;
				GCC_WARN_UNUSED_VARIABLE = YES;
				LOCALIZATION_PREFERS_STRING_CATALOGS = YES;
				MACOSX_DEPLOYMENT_TARGET = 15.2;
				MTL_ENABLE_DEBUG_INFO = NO;
				MTL_FAST_MATH = YES;
				SDKROOT = macosx;
				SWIFT_COMPILATION_MODE = wholemodule;
			};
			name = Release;
		};
		277929B42D286CB10007C602 /* Debug */ = {
			isa = XCBuildConfiguration;
			buildSettings = {
				ASSETCATALOG_COMPILER_APPICON_NAME = AppIcon;
				ASSETCATALOG_COMPILER_GLOBAL_ACCENT_COLOR_NAME = AccentColor;
				CODE_SIGN_ENTITLEMENTS = BlueX/BlueX.entitlements;
				CODE_SIGN_STYLE = Automatic;
				COMBINE_HIDPI_IMAGES = YES;
				CURRENT_PROJECT_VERSION = 1;
				DEVELOPMENT_ASSET_PATHS = "\"BlueX/Preview Content\"";
				DEVELOPMENT_TEAM = CKF3U884G2;
				ENABLE_HARDENED_RUNTIME = YES;
				ENABLE_PREVIEWS = YES;
				GENERATE_INFOPLIST_FILE = YES;
				INFOPLIST_KEY_NSHumanReadableCopyright = "";
				LD_RUNPATH_SEARCH_PATHS = (
					"$(inherited)",
					"@executable_path/../Frameworks",
				);
				MARKETING_VERSION = 1.0;
				PRODUCT_BUNDLE_IDENTIFIER = kgz.BlueX;
				PRODUCT_NAME = "$(TARGET_NAME)";
				SWIFT_EMIT_LOC_STRINGS = YES;
				SWIFT_VERSION = 5.0;
			};
			name = Debug;
		};
		277929B52D286CB10007C602 /* Release */ = {
			isa = XCBuildConfiguration;
			buildSettings = {
				ASSETCATALOG_COMPILER_APPICON_NAME = AppIcon;
				ASSETCATALOG_COMPILER_GLOBAL_ACCENT_COLOR_NAME = AccentColor;
				CODE_SIGN_ENTITLEMENTS = BlueX/BlueX.entitlements;
				CODE_SIGN_STYLE = Automatic;
				COMBINE_HIDPI_IMAGES = YES;
				CURRENT_PROJECT_VERSION = 1;
				DEVELOPMENT_ASSET_PATHS = "\"BlueX/Preview Content\"";
				DEVELOPMENT_TEAM = CKF3U884G2;
				ENABLE_HARDENED_RUNTIME = YES;
				ENABLE_PREVIEWS = YES;
				GENERATE_INFOPLIST_FILE = YES;
				INFOPLIST_KEY_NSHumanReadableCopyright = "";
				LD_RUNPATH_SEARCH_PATHS = (
					"$(inherited)",
					"@executable_path/../Frameworks",
				);
				MARKETING_VERSION = 1.0;
				PRODUCT_BUNDLE_IDENTIFIER = kgz.BlueX;
				PRODUCT_NAME = "$(TARGET_NAME)";
				SWIFT_EMIT_LOC_STRINGS = YES;
				SWIFT_VERSION = 5.0;
			};
			name = Release;
		};
		277929B72D286CB10007C602 /* Debug */ = {
			isa = XCBuildConfiguration;
			buildSettings = {
				BUNDLE_LOADER = "$(TEST_HOST)";
				CODE_SIGN_STYLE = Automatic;
				CURRENT_PROJECT_VERSION = 1;
				DEVELOPMENT_TEAM = CKF3U884G2;
				GENERATE_INFOPLIST_FILE = YES;
				MACOSX_DEPLOYMENT_TARGET = 15.2;
				MARKETING_VERSION = 1.0;
				PRODUCT_BUNDLE_IDENTIFIER = kgz.BlueXTests;
				PRODUCT_NAME = "$(TARGET_NAME)";
				SWIFT_EMIT_LOC_STRINGS = NO;
				SWIFT_VERSION = 5.0;
				TEST_HOST = "$(BUILT_PRODUCTS_DIR)/BlueX.app/$(BUNDLE_EXECUTABLE_FOLDER_PATH)/BlueX";
			};
			name = Debug;
		};
		277929B82D286CB10007C602 /* Release */ = {
			isa = XCBuildConfiguration;
			buildSettings = {
				BUNDLE_LOADER = "$(TEST_HOST)";
				CODE_SIGN_STYLE = Automatic;
				CURRENT_PROJECT_VERSION = 1;
				DEVELOPMENT_TEAM = CKF3U884G2;
				GENERATE_INFOPLIST_FILE = YES;
				MACOSX_DEPLOYMENT_TARGET = 15.2;
				MARKETING_VERSION = 1.0;
				PRODUCT_BUNDLE_IDENTIFIER = kgz.BlueXTests;
				PRODUCT_NAME = "$(TARGET_NAME)";
				SWIFT_EMIT_LOC_STRINGS = NO;
				SWIFT_VERSION = 5.0;
				TEST_HOST = "$(BUILT_PRODUCTS_DIR)/BlueX.app/$(BUNDLE_EXECUTABLE_FOLDER_PATH)/BlueX";
			};
			name = Release;
		};
		277929BA2D286CB10007C602 /* Debug */ = {
			isa = XCBuildConfiguration;
			buildSettings = {
				CODE_SIGN_STYLE = Automatic;
				CURRENT_PROJECT_VERSION = 1;
				DEVELOPMENT_TEAM = CKF3U884G2;
				GENERATE_INFOPLIST_FILE = YES;
				MARKETING_VERSION = 1.0;
				PRODUCT_BUNDLE_IDENTIFIER = kgz.BlueXUITests;
				PRODUCT_NAME = "$(TARGET_NAME)";
				SWIFT_EMIT_LOC_STRINGS = NO;
				SWIFT_VERSION = 5.0;
				TEST_TARGET_NAME = BlueX;
			};
			name = Debug;
		};
		277929BB2D286CB10007C602 /* Release */ = {
			isa = XCBuildConfiguration;
			buildSettings = {
				CODE_SIGN_STYLE = Automatic;
				CURRENT_PROJECT_VERSION = 1;
				DEVELOPMENT_TEAM = CKF3U884G2;
				GENERATE_INFOPLIST_FILE = YES;
				MARKETING_VERSION = 1.0;
				PRODUCT_BUNDLE_IDENTIFIER = kgz.BlueXUITests;
				PRODUCT_NAME = "$(TARGET_NAME)";
				SWIFT_EMIT_LOC_STRINGS = NO;
				SWIFT_VERSION = 5.0;
				TEST_TARGET_NAME = BlueX;
			};
			name = Release;
		};
		27F681152D3C539800433FEB /* Debug */ = {
			isa = XCBuildConfiguration;
			buildSettings = {
				CODE_SIGN_STYLE = Automatic;
				DEVELOPMENT_TEAM = CKF3U884G2;
				ENABLE_HARDENED_RUNTIME = YES;
				PRODUCT_BUNDLE_IDENTIFIER = kgz.BlueX;
				PRODUCT_NAME = "$(TARGET_NAME)";
				SWIFT_VERSION = 5.0;
			};
			name = Debug;
		};
		27F681162D3C539800433FEB /* Release */ = {
			isa = XCBuildConfiguration;
			buildSettings = {
				CODE_SIGN_STYLE = Automatic;
				DEVELOPMENT_TEAM = CKF3U884G2;
				ENABLE_HARDENED_RUNTIME = YES;
				PRODUCT_BUNDLE_IDENTIFIER = kgz.BlueX;
				PRODUCT_NAME = "$(TARGET_NAME)";
				SWIFT_VERSION = 5.0;
			};
			name = Release;
		};
/* End XCBuildConfiguration section */

/* Begin XCConfigurationList section */
		277929842D286CB00007C602 /* Build configuration list for PBXProject "BlueX" */ = {
			isa = XCConfigurationList;
			buildConfigurations = (
				277929B12D286CB10007C602 /* Debug */,
				277929B22D286CB10007C602 /* Release */,
			);
			defaultConfigurationIsVisible = 0;
			defaultConfigurationName = Release;
		};
		277929B32D286CB10007C602 /* Build configuration list for PBXNativeTarget "BlueX" */ = {
			isa = XCConfigurationList;
			buildConfigurations = (
				277929B42D286CB10007C602 /* Debug */,
				277929B52D286CB10007C602 /* Release */,
			);
			defaultConfigurationIsVisible = 0;
			defaultConfigurationName = Release;
		};
		277929B62D286CB10007C602 /* Build configuration list for PBXNativeTarget "BlueXTests" */ = {
			isa = XCConfigurationList;
			buildConfigurations = (
				277929B72D286CB10007C602 /* Debug */,
				277929B82D286CB10007C602 /* Release */,
			);
			defaultConfigurationIsVisible = 0;
			defaultConfigurationName = Release;
		};
		277929B92D286CB10007C602 /* Build configuration list for PBXNativeTarget "BlueXUITests" */ = {
			isa = XCConfigurationList;
			buildConfigurations = (
				277929BA2D286CB10007C602 /* Debug */,
				277929BB2D286CB10007C602 /* Release */,
			);
			defaultConfigurationIsVisible = 0;
			defaultConfigurationName = Release;
		};
		27F681172D3C539800433FEB /* Build configuration list for PBXNativeTarget "Scraper" */ = {
			isa = XCConfigurationList;
			buildConfigurations = (
				27F681152D3C539800433FEB /* Debug */,
				27F681162D3C539800433FEB /* Release */,
			);
			defaultConfigurationIsVisible = 0;
			defaultConfigurationName = Release;
		};
/* End XCConfigurationList section */

/* Begin XCRemoteSwiftPackageReference section */
		273420BD2D36CB3F002AC324 /* XCRemoteSwiftPackageReference "Progress" */ = {
			isa = XCRemoteSwiftPackageReference;
			repositoryURL = "https://github.com/jkandzi/Progress.swift";
			requirement = {
				kind = upToNextMajorVersion;
				minimumVersion = 0.4.0;
			};
		};
		27F681692D403C6100433FEB /* XCRemoteSwiftPackageReference "swift-argument-parser" */ = {
			isa = XCRemoteSwiftPackageReference;
			repositoryURL = "https://github.com/apple/swift-argument-parser.git";
			requirement = {
				kind = upToNextMajorVersion;
				minimumVersion = 1.5.0;
			};
		};
/* End XCRemoteSwiftPackageReference section */

/* Begin XCSwiftPackageProductDependency section */
		27F6812D2D3C6E0C00433FEB /* Progress */ = {
			isa = XCSwiftPackageProductDependency;
			package = 273420BD2D36CB3F002AC324 /* XCRemoteSwiftPackageReference "Progress" */;
			productName = Progress;
		};
		27F6816A2D403C7E00433FEB /* ArgumentParser */ = {
			isa = XCSwiftPackageProductDependency;
			package = 27F681692D403C6100433FEB /* XCRemoteSwiftPackageReference "swift-argument-parser" */;
			productName = ArgumentParser;
		};
/* End XCSwiftPackageProductDependency section */
	};
	rootObject = 277929812D286CB00007C602 /* Project object */;
}
